# This file was autogenerated by Stack.
# You should not edit this file by hand.
# For more information, please see the documentation at:
#   https://docs.haskellstack.org/en/stable/lock_files

packages:
- completed:
    sha256: b558af8e8399dc5dfc28110cfacc3a0f53ad4ebf7e9396e8f32223f63d6df250
    name: rollbar-hs
    size: 16051
    url: https://github.com/lumihq/rollbar-hs/archive/77f2de21aaf3f4ba3d19e03196165dd23e49a64b.tar.gz
    pantry-tree:
      sha256: 0a6d1f3ef7e86c71d322b82d03123f1a41bd8ae1c7cb024d4712bbe91c465c24
      size: 2215
    version: 0.3.1.0
  original:
    url: https://github.com/lumihq/rollbar-hs/archive/77f2de21aaf3f4ba3d19e03196165dd23e49a64b.tar.gz
snapshots:
- completed:
    sha256: 656fa7a1ff5ddd147cce5a0aabd6fd70255f2ac60fd1294a1228b00a19b1731f
    size: 628888
    url: https://raw.githubusercontent.com/commercialhaskell/stackage-snapshots/master/nightly/2022/8/4.yaml
  original: nightly-2022-08-04
